
Microsoft Visual Studio Solution File, Format Version 12.00
# Visual Studio 15
VisualStudioVersion = 15.0.28307.1062
MinimumVisualStudioVersion = 10.0.40219.1
Project("{FAE04EC0-301F-11D3-BF4B-00C04F79EFBC}") = "TemelMvc", "TemelMvc\TemelMvc.csproj", "{BD7A930F-5474-4EAE-B704-1ED8B8FBC6CD}"
EndProject
Global
	GlobalSection(SolutionConfigurationPlatforms) = preSolution
		Debug|Any CPU = Debug|Any CPU
		Release|Any CPU = Release|Any CPU
	EndGlobalSection
	GlobalSection(ProjectConfigurationPlatforms) = postSolution
		{BD7A930F-5474-4EAE-B704-1ED8B8FBC6CD}.Debug|Any CPU.ActiveCfg = Debug|Any CPU
		{BD7A930F-5474-4EAE-B704-1ED8B8FBC6CD}.Debug|Any CPU.Build.0 = Debug|Any CPU
		{BD7A930F-5474-4EAE-B704-1ED8B8FBC6CD}.Release|Any CPU.ActiveCfg = Release|Any CPU
		{BD7A930F-5474-4EAE-B704-1ED8B8FBC6CD}.Release|Any CPU.Build.0 = Release|Any CPU
	EndGlobalSection
	GlobalSection(SolutionProperties) = preSolution
		HideSolutionNode = FALSE
	EndGlobalSection
	GlobalSection(ExtensibilityGlobals) = postSolution
		SolutionGuid = {625E0767-4120-4E49-810A-2D42189F920E}
	EndGlobalSection
EndGlobal
